// !$*UTF8*$!
{
	archiveVersion = 1;
	classes = {
	};
	objectVersion = 77;
	objects = {

/* Begin PBXBuildFile section */
		3950933D2F9CBCCD00339821 /* Supabase in Frameworks */ = {isa = PBXBuildFile; productRef = 3950933C2F9CBCCD00339821 /* Supabase */; };
		395093402F9CBD4400339821 /* RxBlocking in Frameworks */ = {isa = PBXBuildFile; productRef = 3950933F2F9CBD4400339821 /* RxBlocking */; };
		395093422F9CBD4400339821 /* RxCocoa in Frameworks */ = {isa = PBXBuildFile; productRef = 395093412F9CBD4400339821 /* RxCocoa */; };
		395093442F9CBD4400339821 /* RxRelay in Frameworks */ = {isa = PBXBuildFile; productRef = 395093432F9CBD4400339821 /* RxRelay */; };
		395093462F9CBD4400339821 /* RxSwift in Frameworks */ = {isa = PBXBuildFile; productRef = 395093452F9CBD4400339821 /* RxSwift */; };
		395093482F9CBD4400339821 /* RxTest in Frameworks */ = {isa = PBXBuildFile; productRef = 395093472F9CBD4400339821 /* RxTest */; };
		3950934B2F9CBDA300339821 /* RxSwift in Frameworks */ = {isa = PBXBuildFile; productRef = 3950934A2F9CBDA300339821 /* RxSwift */; };
		3950934D2F9CBDAA00339821 /* RxRelay in Frameworks */ = {isa = PBXBuildFile; productRef = 3950934C2F9CBDAA00339821 /* RxRelay */; };
/* End PBXBuildFile section */

/* Begin PBXContainerItemProxy section */
		397B3D5F2F9B60170030A556 /* PBXContainerItemProxy */ = {
			isa = PBXContainerItemProxy;
			containerPortal = 397B3D492F9B60150030A556 /* Project object */;
			proxyType = 1;
			remoteGlobalIDString = 397B3D502F9B60150030A556;
			remoteInfo = "AIDD-SAA-2025";
		};
		397B3D692F9B60170030A556 /* PBXContainerItemProxy */ = {
			isa = PBXContainerItemProxy;
			containerPortal = 397B3D492F9B60150030A556 /* Project object */;
			proxyType = 1;
			remoteGlobalIDString = 397B3D502F9B60150030A556;
			remoteInfo = "AIDD-SAA-2025";
		};
/* End PBXContainerItemProxy section */

/* Begin PBXFileReference section */
		397B3D512F9B60150030A556 /* AIDD-SAA-2025.app */ = {isa = PBXFileReference; explicitFileType = wrapper.application; includeInIndex = 0; path = "AIDD-SAA-2025.app"; sourceTree = BUILT_PRODUCTS_DIR; };
		397B3D5E2F9B60170030A556 /* AIDD-SAA-2025Tests.xctest */ = {isa = PBXFileReference; explicitFileType = wrapper.cfbundle; includeInIndex = 0; path = "AIDD-SAA-2025Tests.xctest"; sourceTree = BUILT_PRODUCTS_DIR; };
		397B3D682F9B60170030A556 /* AIDD-SAA-2025UITests.xctest */ = {isa = PBXFileReference; explicitFileType = wrapper.cfbundle; includeInIndex = 0; path = "AIDD-SAA-2025UITests.xctest"; sourceTree = BUILT_PRODUCTS_DIR; };
/* End PBXFileReference section */

/* Begin PBXFileSystemSynchronizedBuildFileExceptionSet section */
		395093D92F9D13B600339821 /* Exceptions for "AIDD-SAA-2025" folder in "AIDD-SAA-2025" target */ = {
			isa = PBXFileSystemSynchronizedBuildFileExceptionSet;
			membershipExceptions = (
				Info.plist,
			);
			target = 397B3D502F9B60150030A556 /* AIDD-SAA-2025 */;
		};
/* End PBXFileSystemSynchronizedBuildFileExceptionSet section */

/* Begin PBXFileSystemSynchronizedRootGroup section */
		397B3D532F9B60150030A556 /* AIDD-SAA-2025 */ = {
			isa = PBXFileSystemSynchronizedRootGroup;
			exceptions = (
				395093D92F9D13B600339821 /* Exceptions for "AIDD-SAA-2025" folder in "AIDD-SAA-2025" target */,
			);
			path = "AIDD-SAA-2025";
			sourceTree = "<group>";
		};
		397B3D612F9B60170030A556 /* AIDD-SAA-2025Tests */ = {
			isa = PBXFileSystemSynchronizedRootGroup;
			path = "AIDD-SAA-2025Tests";
			sourceTree = "<group>";
		};
		397B3D6B2F9B60170030A556 /* AIDD-SAA-2025UITests */ = {
			isa = PBXFileSystemSynchronizedRootGroup;
			path = "AIDD-SAA-2025UITests";
			sourceTree = "<group>";
		};
/* End PBXFileSystemSynchronizedRootGroup section */

/* Begin PBXFrameworksBuildPhase section */
		397B3D4E2F9B60150030A556 /* Frameworks */ = {
			isa = PBXFrameworksBuildPhase;
			buildActionMask = 2147483647;
			files = (
				395093442F9CBD4400339821 /* RxRelay in Frameworks */,
				395093422F9CBD4400339821 /* RxCocoa in Frameworks */,
				395093462F9CBD4400339821 /* RxSwift in Frameworks */,
				3950933D2F9CBCCD00339821 /* Supabase in Frameworks */,
			);
			runOnlyForDeploymentPostprocessing = 0;
		};
		397B3D5B2F9B60170030A556 /* Frameworks */ = {
			isa = PBXFrameworksBuildPhase;
			buildActionMask = 2147483647;
			files = (
				3950934B2F9CBDA300339821 /* RxSwift in Frameworks */,
				395093482F9CBD4400339821 /* RxTest in Frameworks */,
				3950934D2F9CBDAA00339821 /* RxRelay in Frameworks */,
				395093402F9CBD4400339821 /* RxBlocking in Frameworks */,
			);
			runOnlyForDeploymentPostprocessing = 0;
		};
		397B3D652F9B60170030A556 /* Frameworks */ = {
			isa = PBXFrameworksBuildPhase;
			buildActionMask = 2147483647;
			files = (
			);
			runOnlyForDeploymentPostprocessing = 0;
		};
/* End PBXFrameworksBuildPhase section */

/* Begin PBXGroup section */
		395093492F9CBD9A00339821 /* Frameworks */ = {
			isa = PBXGroup;
			children = (
			);
			name = Frameworks;
			sourceTree = "<group>";
		};
		397B3D482F9B60150030A556 = {
			isa = PBXGroup;
			children = (
				397B3D532F9B60150030A556 /* AIDD-SAA-2025 */,
				397B3D612F9B60170030A556 /* AIDD-SAA-2025Tests */,
				397B3D6B2F9B60170030A556 /* AIDD-SAA-2025UITests */,
				395093492F9CBD9A00339821 /* Frameworks */,
				397B3D522F9B60150030A556 /* Products */,
			);
			sourceTree = "<group>";
		};
		397B3D522F9B60150030A556 /* Products */ = {
			isa = PBXGroup;
			children = (
				397B3D512F9B60150030A556 /* AIDD-SAA-2025.app */,
				397B3D5E2F9B60170030A556 /* AIDD-SAA-2025Tests.xctest */,
				397B3D682F9B60170030A556 /* AIDD-SAA-2025UITests.xctest */,
			);
			name = Products;
			sourceTree = "<group>";
		};
/* End PBXGroup section */

/* Begin PBXNativeTarget section */
		397B3D502F9B60150030A556 /* AIDD-SAA-2025 */ = {
			isa = PBXNativeTarget;
			buildConfigurationList = 397B3D722F9B60170030A556 /* Build configuration list for PBXNativeTarget "AIDD-SAA-2025" */;
			buildPhases = (
				397B3D4D2F9B60150030A556 /* Sources */,
				397B3D4E2F9B60150030A556 /* Frameworks */,
				397B3D4F2F9B60150030A556 /* Resources */,
			);
			buildRules = (
			);
			dependencies = (
			);
			fileSystemSynchronizedGroups = (
				397B3D532F9B60150030A556 /* AIDD-SAA-2025 */,
			);
			name = "AIDD-SAA-2025";
			packageProductDependencies = (
				3950933C2F9CBCCD00339821 /* Supabase */,
				395093412F9CBD4400339821 /* RxCocoa */,
				395093432F9CBD4400339821 /* RxRelay */,
				395093452F9CBD4400339821 /* RxSwift */,
			);
			productName = "AIDD-SAA-2025";
			productReference = 397B3D512F9B60150030A556 /* AIDD-SAA-2025.app */;
			productType = "com.apple.product-type.application";
		};
		397B3D5D2F9B60170030A556 /* AIDD-SAA-2025Tests */ = {
			isa = PBXNativeTarget;
			buildConfigurationList = 397B3D752F9B60170030A556 /* Build configuration list for PBXNativeTarget "AIDD-SAA-2025Tests" */;
			buildPhases = (
				397B3D5A2F9B60170030A556 /* Sources */,
				397B3D5B2F9B60170030A556 /* Frameworks */,
				397B3D5C2F9B60170030A556 /* Resources */,
			);
			buildRules = (
			);
			dependencies = (
				397B3D602F9B60170030A556 /* PBXTargetDependency */,
			);
			fileSystemSynchronizedGroups = (
				397B3D612F9B60170030A556 /* AIDD-SAA-2025Tests */,
			);
			name = "AIDD-SAA-2025Tests";
			packageProductDependencies = (
				3950933F2F9CBD4400339821 /* RxBlocking */,
				395093472F9CBD4400339821 /* RxTest */,
				3950934A2F9CBDA300339821 /* RxSwift */,
				3950934C2F9CBDAA00339821 /* RxRelay */,
			);
			productName = "AIDD-SAA-2025Tests";
			productReference = 397B3D5E2F9B60170030A556 /* AIDD-SAA-2025Tests.xctest */;
			productType = "com.apple.product-type.bundle.unit-test";
		};
		397B3D672F9B60170030A556 /* AIDD-SAA-2025UITests */ = {
			isa = PBXNativeTarget;
			buildConfigurationList = 397B3D782F9B60170030A556 /* Build configuration list for PBXNativeTarget "AIDD-SAA-2025UITests" */;
			buildPhases = (
				397B3D642F9B60170030A556 /* Sources */,
				397B3D652F9B60170030A556 /* Frameworks */,
				397B3D662F9B60170030A556 /* Resources */,
			);
			buildRules = (
			);
			dependencies = (
				397B3D6A2F9B60170030A556 /* PBXTargetDependency */,
			);
			fileSystemSynchronizedGroups = (
				397B3D6B2F9B60170030A556 /* AIDD-SAA-2025UITests */,
			);
			name = "AIDD-SAA-2025UITests";
			packageProductDependencies = (
			);
			productName = "AIDD-SAA-2025UITests";
			productReference = 397B3D682F9B60170030A556 /* AIDD-SAA-2025UITests.xctest */;
			productType = "com.apple.product-type.bundle.ui-testing";
		};
/* End PBXNativeTarget section */

/* Begin PBXProject section */
		397B3D492F9B60150030A556 /* Project object */ = {
			isa = PBXProject;
			attributes = {
				BuildIndependentTargetsInParallel = 1;
				LastSwiftUpdateCheck = 2620;
				LastUpgradeCheck = 2620;
				TargetAttributes = {
					397B3D502F9B60150030A556 = {
						CreatedOnToolsVersion = 26.2;
					};
					397B3D5D2F9B60170030A556 = {
						CreatedOnToolsVersion = 26.2;
						TestTargetID = 397B3D502F9B60150030A556;
					};
					397B3D672F9B60170030A556 = {
						CreatedOnToolsVersion = 26.2;
						TestTargetID = 397B3D502F9B60150030A556;
					};
				};
			};
			buildConfigurationList = 397B3D4C2F9B60150030A556 /* Build configuration list for PBXProject "AIDD-SAA-2025" */;
			developmentRegion = en;
			hasScannedForEncodings = 0;
			knownRegions = (
				en,
				Base,
			);
			mainGroup = 397B3D482F9B60150030A556;
			minimizedProjectReferenceProxies = 1;
			packageReferences = (
				3950933B2F9CBCCD00339821 /* XCRemoteSwiftPackageReference "supabase-swift" */,
				3950933E2F9CBD4400339821 /* XCRemoteSwiftPackageReference "RxSwift" */,
			);
			preferredProjectObjectVersion = 77;
			productRefGroup = 397B3D522F9B60150030A556 /* Products */;
			projectDirPath = "";
			projectRoot = "";
			targets = (
				397B3D502F9B60150030A556 /* AIDD-SAA-2025 */,
				397B3D5D2F9B60170030A556 /* AIDD-SAA-2025Tests */,
				397B3D672F9B60170030A556 /* AIDD-SAA-2025UITests */,
			);
		};
/* End PBXProject section */

/* Begin PBXResourcesBuildPhase section */
		397B3D4F2F9B60150030A556 /* Resources */ = {
			isa = PBXResourcesBuildPhase;
			buildActionMask = 2147483647;
			files = (
			);
			runOnlyForDeploymentPostprocessing = 0;
		};
		397B3D5C2F9B60170030A556 /* Resources */ = {
			isa = PBXResourcesBuildPhase;
			buildActionMask = 2147483647;
			files = (
			);
			runOnlyForDeploymentPostprocessing = 0;
		};
		397B3D662F9B60170030A556 /* Resources */ = {
			isa = PBXResourcesBuildPhase;
			buildActionMask = 2147483647;
			files = (
			);
			runOnlyForDeploymentPostprocessing = 0;
		};
/* End PBXResourcesBuildPhase section */

/* Begin PBXSourcesBuildPhase section */
		397B3D4D2F9B60150030A556 /* Sources */ = {
			isa = PBXSourcesBuildPhase;
			buildActionMask = 2147483647;
			files = (
			);
			runOnlyForDeploymentPostprocessing = 0;
		};
		397B3D5A2F9B60170030A556 /* Sources */ = {
			isa = PBXSourcesBuildPhase;
			buildActionMask = 2147483647;
			files = (
			);
			runOnlyForDeploymentPostprocessing = 0;
		};
		397B3D642F9B60170030A556 /* Sources */ = {
			isa = PBXSourcesBuildPhase;
			buildActionMask = 2147483647;
			files = (
			);
			runOnlyForDeploymentPostprocessing = 0;
		};
/* End PBXSourcesBuildPhase section */

/* Begin PBXTargetDependency section */
		397B3D602F9B60170030A556 /* PBXTargetDependency */ = {
			isa = PBXTargetDependency;
			target = 397B3D502F9B60150030A556 /* AIDD-SAA-2025 */;
			targetProxy = 397B3D5F2F9B60170030A556 /* PBXContainerItemProxy */;
		};
		397B3D6A2F9B60170030A556 /* PBXTargetDependency */ = {
			isa = PBXTargetDependency;
			target = 397B3D502F9B60150030A556 /* AIDD-SAA-2025 */;
			targetProxy = 397B3D692F9B60170030A556 /* PBXContainerItemProxy */;
		};
/* End PBXTargetDependency section */

/* Begin XCBuildConfiguration section */
		397B3D702F9B60170030A556 /* Debug */ = {
			isa = XCBuildConfiguration;
			baseConfigurationReferenceAnchor = 397B3D532F9B60150030A556 /* AIDD-SAA-2025 */;
			baseConfigurationReferenceRelativePath = Config/Dev.xcconfig;
			buildSettings = {
				ALWAYS_SEARCH_USER_PATHS = NO;
				ASSETCATALOG_COMPILER_GENERATE_SWIFT_ASSET_SYMBOL_EXTENSIONS = YES;
				CLANG_ANALYZER_NONNULL = YES;
				CLANG_ANALYZER_NUMBER_OBJECT_CONVERSION = YES_AGGRESSIVE;
				CLANG_CXX_LANGUAGE_STANDARD = "gnu++20";
				CLANG_ENABLE_MODULES = YES;
				CLANG_ENABLE_OBJC_ARC = YES;
				CLANG_ENABLE_OBJC_WEAK = YES;
				CLANG_WARN_BLOCK_CAPTURE_AUTORELEASING = YES;
				CLANG_WARN_BOOL_CONVERSION = YES;
				CLANG_WARN_COMMA = YES;
				CLANG_WARN_CONSTANT_CONVERSION = YES;
				CLANG_WARN_DEPRECATED_OBJC_IMPLEMENTATIONS = YES;
				CLANG_WARN_DIRECT_OBJC_ISA_USAGE = YES_ERROR;
				CLANG_WARN_DOCUMENTATION_COMMENTS = YES;
				CLANG_WARN_EMPTY_BODY = YES;
				CLANG_WARN_ENUM_CONVERSION = YES;
				CLANG_WARN_INFINITE_RECURSION = YES;
				CLANG_WARN_INT_CONVERSION = YES;
				CLANG_WARN_NON_LITERAL_NULL_CONVERSION = YES;
				CLANG_WARN_OBJC_IMPLICIT_RETAIN_SELF = YES;
				CLANG_WARN_OBJC_LITERAL_CONVERSION = YES;
				CLANG_WARN_OBJC_ROOT_CLASS = YES_ERROR;
				CLANG_WARN_QUOTED_INCLUDE_IN_FRAMEWORK_HEADER = YES;
				CLANG_WARN_RANGE_LOOP_ANALYSIS = YES;
				CLANG_WARN_STRICT_PROTOTYPES = YES;
				CLANG_WARN_SUSPICIOUS_MOVE = YES;
				CLANG_WARN_UNGUARDED_AVAILABILITY = YES_AGGRESSIVE;
				CLANG_WARN_UNREACHABLE_CODE = YES;
				CLANG_WARN__DUPLICATE_METHOD_MATCH = YES;
				COPY_PHASE_STRIP = NO;
				DEBUG_INFORMATION_FORMAT = dwarf;
				ENABLE_STRICT_OBJC_MSGSEND = YES;
				ENABLE_TESTABILITY = YES;
				ENABLE_USER_SCRIPT_SANDBOXING = YES;
				GCC_C_LANGUAGE_STANDARD = gnu17;
				GCC_DYNAMIC_NO_PIC = NO;
				GCC_NO_COMMON_BLOCKS = YES;
				GCC_OPTIMIZATION_LEVEL = 0;
				GCC_PREPROCESSOR_DEFINITIONS = (
					"DEBUG=1",
					"$(inherited)",
				);
				GCC_WARN_64_TO_32_BIT_CONVERSION = YES;
				GCC_WARN_ABOUT_RETURN_TYPE = YES_ERROR;
				GCC_WARN_UNDECLARED_SELECTOR = YES;
				GCC_WARN_UNINITIALIZED_AUTOS = YES_AGGRESSIVE;
				GCC_WARN_UNUSED_FUNCTION = YES;
				GCC_WARN_UNUSED_VARIABLE = YES;
				IPHONEOS_DEPLOYMENT_TARGET = 26.2;
				LOCALIZATION_PREFERS_STRING_CATALOGS = YES;
				MTL_ENABLE_DEBUG_INFO = INCLUDE_SOURCE;
				MTL_FAST_MATH = YES;
				ONLY_ACTIVE_ARCH = YES;
				SDKROOT = iphoneos;
				SWIFT_ACTIVE_COMPILATION_CONDITIONS = "DEBUG $(inherited)";
				SWIFT_OPTIMIZATION_LEVEL = "-Onone";
			};
			name = Debug;
		};
		397B3D712F9B60170030A556 /* Release */ = {
			isa = XCBuildConfiguration;
			baseConfigurationReferenceAnchor = 397B3D532F9B60150030A556 /* AIDD-SAA-2025 */;
			baseConfigurationReferenceRelativePath = Config/Prod.xcconfig;
			buildSettings = {
				ALWAYS_SEARCH_USER_PATHS = NO;
				ASSETCATALOG_COMPILER_GENERATE_SWIFT_ASSET_SYMBOL_EXTENSIONS = YES;
				CLANG_ANALYZER_NONNULL = YES;
				CLANG_ANALYZER_NUMBER_OBJECT_CONVERSION = YES_AGGRESSIVE;
				CLANG_CXX_LANGUAGE_STANDARD = "gnu++20";
				CLANG_ENABLE_MODULES = YES;
				CLANG_ENABLE_OBJC_ARC = YES;
				CLANG_ENABLE_OBJC_WEAK = YES;
				CLANG_WARN_BLOCK_CAPTURE_AUTORELEASING = YES;
				CLANG_WARN_BOOL_CONVERSION = YES;
				CLANG_WARN_COMMA = YES;
				CLANG_WARN_CONSTANT_CONVERSION = YES;
				CLANG_WARN_DEPRECATED_OBJC_IMPLEMENTATIONS = YES;
				CLANG_WARN_DIRECT_OBJC_ISA_USAGE = YES_ERROR;
				CLANG_WARN_DOCUMENTATION_COMMENTS = YES;
				CLANG_WARN_EMPTY_BODY = YES;
				CLANG_WARN_ENUM_CONVERSION = YES;
				CLANG_WARN_INFINITE_RECURSION = YES;
				CLANG_WARN_INT_CONVERSION = YES;
				CLANG_WARN_NON_LITERAL_NULL_CONVERSION = YES;
				CLANG_WARN_OBJC_IMPLICIT_RETAIN_SELF = YES;
				CLANG_WARN_OBJC_LITERAL_CONVERSION = YES;
				CLANG_WARN_OBJC_ROOT_CLASS = YES_ERROR;
				CLANG_WARN_QUOTED_INCLUDE_IN_FRAMEWORK_HEADER = YES;
				CLANG_WARN_RANGE_LOOP_ANALYSIS = YES;
				CLANG_WARN_STRICT_PROTOTYPES = YES;
				CLANG_WARN_SUSPICIOUS_MOVE = YES;
				CLANG_WARN_UNGUARDED_AVAILABILITY = YES_AGGRESSIVE;
				CLANG_WARN_UNREACHABLE_CODE = YES;
				CLANG_WARN__DUPLICATE_METHOD_MATCH = YES;
				COPY_PHASE_STRIP = NO;
				DEBUG_INFORMATION_FORMAT = "dwarf-with-dsym";
				ENABLE_NS_ASSERTIONS = NO;
				ENABLE_STRICT_OBJC_MSGSEND = YES;
				ENABLE_USER_SCRIPT_SANDBOXING = YES;
				GCC_C_LANGUAGE_STANDARD = gnu17;
				GCC_NO_COMMON_BLOCKS = YES;
				GCC_WARN_64_TO_32_BIT_CONVERSION = YES;
				GCC_WARN_ABOUT_RETURN_TYPE = YES_ERROR;
				GCC_WARN_UNDECLARED_SELECTOR = YES;
				GCC_WARN_UNINITIALIZED_AUTOS = YES_AGGRESSIVE;
				GCC_WARN_UNUSED_FUNCTION = YES;
				GCC_WARN_UNUSED_VARIABLE = YES;
				IPHONEOS_DEPLOYMENT_TARGET = 26.2;
				LOCALIZATION_PREFERS_STRING_CATALOGS = YES;
				MTL_ENABLE_DEBUG_INFO = NO;
				MTL_FAST_MATH = YES;
				SDKROOT = iphoneos;
				SWIFT_COMPILATION_MODE = wholemodule;
				VALIDATE_PRODUCT = YES;
			};
			name = Release;
		};
		397B3D732F9B60170030A556 /* Debug */ = {
			isa = XCBuildConfiguration;
			buildSettings = {
				ASSETCATALOG_COMPILER_APPICON_NAME = AppIcon;
				ASSETCATALOG_COMPILER_GLOBAL_ACCENT_COLOR_NAME = AccentColor;
				CODE_SIGN_STYLE = Automatic;
				CURRENT_PROJECT_VERSION = 1;
				ENABLE_PREVIEWS = YES;
				GENERATE_INFOPLIST_FILE = YES;
				INFOPLIST_FILE = "AIDD-SAA-2025/Info.plist";
				INFOPLIST_KEY_UIApplicationSceneManifest_Generation = YES;
				INFOPLIST_KEY_UIApplicationSupportsIndirectInputEvents = YES;
				INFOPLIST_KEY_UILaunchScreen_Generation = YES;
				INFOPLIST_KEY_UISupportedInterfaceOrientations = UIInterfaceOrientationPortrait;
				IPHONEOS_DEPLOYMENT_TARGET = 17.6;
				LD_RUNPATH_SEARCH_PATHS = (
					"$(inherited)",
					"@executable_path/Frameworks",
				);
				MARKETING_VERSION = 1.0;
				PRODUCT_BUNDLE_IDENTIFIER = "com.hello.AIDD-SAA-2025";
				PRODUCT_NAME = "$(TARGET_NAME)";
				STRING_CATALOG_GENERATE_SYMBOLS = YES;
				SUPPORTED_PLATFORMS = "iphoneos iphonesimulator";
				SUPPORTS_MACCATALYST = NO;
				SUPPORTS_MAC_DESIGNED_FOR_IPHONE_IPAD = NO;
				SUPPORTS_XR_DESIGNED_FOR_IPHONE_IPAD = NO;
				SWIFT_APPROACHABLE_CONCURRENCY = YES;
				SWIFT_DEFAULT_ACTOR_ISOLATION = MainActor;
				SWIFT_EMIT_LOC_STRINGS = YES;
				SWIFT_UPCOMING_FEATURE_MEMBER_IMPORT_VISIBILITY = YES;
				SWIFT_VERSION = 5.0;
				TARGETED_DEVICE_FAMILY = "1,2";
			};
			name = Debug;
		};
		397B3D742F9B60170030A556 /* Release */ = {
			isa = XCBuildConfiguration;
			buildSettings = {
				ASSETCATALOG_COMPILER_APPICON_NAME = AppIcon;
				ASSETCATALOG_COMPILER_GLOBAL_ACCENT_COLOR_NAME = AccentColor;
				CODE_SIGN_STYLE = Automatic;
				CURRENT_PROJECT_VERSION = 1;
				ENABLE_PREVIEWS = YES;
				GENERATE_INFOPLIST_FILE = YES;
				INFOPLIST_FILE = "AIDD-SAA-2025/Info.plist";
				INFOPLIST_KEY_UIApplicationSceneManifest_Generation = YES;
				INFOPLIST_KEY_UIApplicationSupportsIndirectInputEvents = YES;
				INFOPLIST_KEY_UILaunchScreen_Generation = YES;
				INFOPLIST_KEY_UISupportedInterfaceOrientations = UIInterfaceOrientationPortrait;
				IPHONEOS_DEPLOYMENT_TARGET = 17.6;
				LD_RUNPATH_SEARCH_PATHS = (
					"$(inherited)",
					"@executable_path/Frameworks",
				);
				MARKETING_VERSION = 1.0;
				PRODUCT_BUNDLE_IDENTIFIER = "com.hello.AIDD-SAA-2025";
				PRODUCT_NAME = "$(TARGET_NAME)";
				STRING_CATALOG_GENERATE_SYMBOLS = YES;
				SUPPORTED_PLATFORMS = "iphoneos iphonesimulator";
				SUPPORTS_MACCATALYST = NO;
				SUPPORTS_MAC_DESIGNED_FOR_IPHONE_IPAD = NO;
				SUPPORTS_XR_DESIGNED_FOR_IPHONE_IPAD = NO;
				SWIFT_APPROACHABLE_CONCURRENCY = YES;
				SWIFT_DEFAULT_ACTOR_ISOLATION = MainActor;
				SWIFT_EMIT_LOC_STRINGS = YES;
				SWIFT_UPCOMING_FEATURE_MEMBER_IMPORT_VISIBILITY = YES;
				SWIFT_VERSION = 5.0;
				TARGETED_DEVICE_FAMILY = "1,2";
			};
			name = Release;
		};
		397B3D762F9B60170030A556 /* Debug */ = {
			isa = XCBuildConfiguration;
			buildSettings = {
				BUNDLE_LOADER = "$(TEST_HOST)";
				CODE_SIGN_STYLE = Automatic;
				CURRENT_PROJECT_VERSION = 1;
				GENERATE_INFOPLIST_FILE = YES;
				IPHONEOS_DEPLOYMENT_TARGET = 26.2;
				MARKETING_VERSION = 1.0;
				PRODUCT_BUNDLE_IDENTIFIER = "com.hello.AIDD-SAA-2025Tests";
				PRODUCT_NAME = "$(TARGET_NAME)";
				STRING_CATALOG_GENERATE_SYMBOLS = NO;
				SWIFT_APPROACHABLE_CONCURRENCY = YES;
				SWIFT_EMIT_LOC_STRINGS = NO;
				SWIFT_UPCOMING_FEATURE_MEMBER_IMPORT_VISIBILITY = YES;
				SWIFT_VERSION = 5.0;
				TARGETED_DEVICE_FAMILY = "1,2";
				TEST_HOST = "$(BUILT_PRODUCTS_DIR)/AIDD-SAA-2025.app/$(BUNDLE_EXECUTABLE_FOLDER_PATH)/AIDD-SAA-2025";
			};
			name = Debug;
		};
		397B3D772F9B60170030A556 /* Release */ = {
			isa = XCBuildConfiguration;
			buildSettings = {
				BUNDLE_LOADER = "$(TEST_HOST)";
				CODE_SIGN_STYLE = Automatic;
				CURRENT_PROJECT_VERSION = 1;
				GENERATE_INFOPLIST_FILE = YES;
				IPHONEOS_DEPLOYMENT_TARGET = 26.2;
				MARKETING_VERSION = 1.0;
				PRODUCT_BUNDLE_IDENTIFIER = "com.hello.AIDD-SAA-2025Tests";
				PRODUCT_NAME = "$(TARGET_NAME)";
				STRING_CATALOG_GENERATE_SYMBOLS = NO;
				SWIFT_APPROACHABLE_CONCURRENCY = YES;
				SWIFT_EMIT_LOC_STRINGS = NO;
				SWIFT_UPCOMING_FEATURE_MEMBER_IMPORT_VISIBILITY = YES;
				SWIFT_VERSION = 5.0;
				TARGETED_DEVICE_FAMILY = "1,2";
				TEST_HOST = "$(BUILT_PRODUCTS_DIR)/AIDD-SAA-2025.app/$(BUNDLE_EXECUTABLE_FOLDER_PATH)/AIDD-SAA-2025";
			};
			name = Release;
		};
		397B3D792F9B60170030A556 /* Debug */ = {
			isa = XCBuildConfiguration;
			buildSettings = {
				CODE_SIGN_STYLE = Automatic;
				CURRENT_PROJECT_VERSION = 1;
				GENERATE_INFOPLIST_FILE = YES;
				MARKETING_VERSION = 1.0;
				PRODUCT_BUNDLE_IDENTIFIER = "com.hello.AIDD-SAA-2025UITests";
				PRODUCT_NAME = "$(TARGET_NAME)";
				STRING_CATALOG_GENERATE_SYMBOLS = NO;
				SWIFT_APPROACHABLE_CONCURRENCY = YES;
				SWIFT_EMIT_LOC_STRINGS = NO;
				SWIFT_UPCOMING_FEATURE_MEMBER_IMPORT_VISIBILITY = YES;
				SWIFT_VERSION = 5.0;
				TARGETED_DEVICE_FAMILY = "1,2";
				TEST_TARGET_NAME = "AIDD-SAA-2025";
			};
			name = Debug;
		};
		397B3D7A2F9B60170030A556 /* Release */ = {
			isa = XCBuildConfiguration;
			buildSettings = {
				CODE_SIGN_STYLE = Automatic;
				CURRENT_PROJECT_VERSION = 1;
				GENERATE_INFOPLIST_FILE = YES;
				MARKETING_VERSION = 1.0;
				PRODUCT_BUNDLE_IDENTIFIER = "com.hello.AIDD-SAA-2025UITests";
				PRODUCT_NAME = "$(TARGET_NAME)";
				STRING_CATALOG_GENERATE_SYMBOLS = NO;
				SWIFT_APPROACHABLE_CONCURRENCY = YES;
				SWIFT_EMIT_LOC_STRINGS = NO;
				SWIFT_UPCOMING_FEATURE_MEMBER_IMPORT_VISIBILITY = YES;
				SWIFT_VERSION = 5.0;
				TARGETED_DEVICE_FAMILY = "1,2";
				TEST_TARGET_NAME = "AIDD-SAA-2025";
			};
			name = Release;
		};
/* End XCBuildConfiguration section */

/* Begin XCConfigurationList section */
		397B3D4C2F9B60150030A556 /* Build configuration list for PBXProject "AIDD-SAA-2025" */ = {
			isa = XCConfigurationList;
			buildConfigurations = (
				397B3D702F9B60170030A556 /* Debug */,
				397B3D712F9B60170030A556 /* Release */,
			);
			defaultConfigurationIsVisible = 0;
			defaultConfigurationName = Release;
		};
		397B3D722F9B60170030A556 /* Build configuration list for PBXNativeTarget "AIDD-SAA-2025" */ = {
			isa = XCConfigurationList;
			buildConfigurations = (
				397B3D732F9B60170030A556 /* Debug */,
				397B3D742F9B60170030A556 /* Release */,
			);
			defaultConfigurationIsVisible = 0;
			defaultConfigurationName = Release;
		};
		397B3D752F9B60170030A556 /* Build configuration list for PBXNativeTarget "AIDD-SAA-2025Tests" */ = {
			isa = XCConfigurationList;
			buildConfigurations = (
				397B3D762F9B60170030A556 /* Debug */,
				397B3D772F9B60170030A556 /* Release */,
			);
			defaultConfigurationIsVisible = 0;
			defaultConfigurationName = Release;
		};
		397B3D782F9B60170030A556 /* Build configuration list for PBXNativeTarget "AIDD-SAA-2025UITests" */ = {
			isa = XCConfigurationList;
			buildConfigurations = (
				397B3D792F9B60170030A556 /* Debug */,
				397B3D7A2F9B60170030A556 /* Release */,
			);
			defaultConfigurationIsVisible = 0;
			defaultConfigurationName = Release;
		};
/* End XCConfigurationList section */

/* Begin XCRemoteSwiftPackageReference section */
		3950933B2F9CBCCD00339821 /* XCRemoteSwiftPackageReference "supabase-swift" */ = {
			isa = XCRemoteSwiftPackageReference;
			repositoryURL = "https://github.com/supabase/supabase-swift";
			requirement = {
				kind = upToNextMajorVersion;
				minimumVersion = 2.5.1;
			};
		};
		3950933E2F9CBD4400339821 /* XCRemoteSwiftPackageReference "RxSwift" */ = {
			isa = XCRemoteSwiftPackageReference;
			repositoryURL = "https://github.com/ReactiveX/RxSwift";
			requirement = {
				kind = upToNextMajorVersion;
				minimumVersion = 6.0.0;
			};
		};
/* End XCRemoteSwiftPackageReference section */

/* Begin XCSwiftPackageProductDependency section */
		3950933C2F9CBCCD00339821 /* Supabase */ = {
			isa = XCSwiftPackageProductDependency;
			package = 3950933B2F9CBCCD00339821 /* XCRemoteSwiftPackageReference "supabase-swift" */;
			productName = Supabase;
		};
		3950933F2F9CBD4400339821 /* RxBlocking */ = {
			isa = XCSwiftPackageProductDependency;
			package = 3950933E2F9CBD4400339821 /* XCRemoteSwiftPackageReference "RxSwift" */;
			productName = RxBlocking;
		};
		395093412F9CBD4400339821 /* RxCocoa */ = {
			isa = XCSwiftPackageProductDependency;
			package = 3950933E2F9CBD4400339821 /* XCRemoteSwiftPackageReference "RxSwift" */;
			productName = RxCocoa;
		};
		395093432F9CBD4400339821 /* RxRelay */ = {
			isa = XCSwiftPackageProductDependency;
			package = 3950933E2F9CBD4400339821 /* XCRemoteSwiftPackageReference "RxSwift" */;
			productName = RxRelay;
		};
		395093452F9CBD4400339821 /* RxSwift */ = {
			isa = XCSwiftPackageProductDependency;
			package = 3950933E2F9CBD4400339821 /* XCRemoteSwiftPackageReference "RxSwift" */;
			productName = RxSwift;
		};
		395093472F9CBD4400339821 /* RxTest */ = {
			isa = XCSwiftPackageProductDependency;
			package = 3950933E2F9CBD4400339821 /* XCRemoteSwiftPackageReference "RxSwift" */;
			productName = RxTest;
		};
		3950934A2F9CBDA300339821 /* RxSwift */ = {
			isa = XCSwiftPackageProductDependency;
			package = 3950933E2F9CBD4400339821 /* XCRemoteSwiftPackageReference "RxSwift" */;
			productName = RxSwift;
		};
		3950934C2F9CBDAA00339821 /* RxRelay */ = {
			isa = XCSwiftPackageProductDependency;
			package = 3950933E2F9CBD4400339821 /* XCRemoteSwiftPackageReference "RxSwift" */;
			productName = RxRelay;
		};
/* End XCSwiftPackageProductDependency section */
	};
	rootObject = 397B3D492F9B60150030A556 /* Project object */;
}
